github.com/wnikx/contracts v0.0.0-20250821150559-4c51655934dc h1:hAlZ1XrcVJuLyBbUQWdZd9Vtz0Hssgv16eMBeD5Kdl0=
github.com/wnikx/contracts v0.0.0-20250821150559-4c51655934dc/go.mod h1:bT/M6Ap93EfvEqJmM+4BzQ8lPYMu7R8LlC+x6i8zsIM=
github.com/wnikx/contracts v0.0.1 h1:7Yypqahq6VKM7mux7rNEWk3hZ56bOUVwBV3VuNoPrCE=
github.com/wnikx/contracts v0.0.1/go.mod h1:bT/M6Ap93EfvEqJmM+4BzQ8lPYMu7R8LlC+x6i8zsIM=
